// !$*UTF8*$!
{
	archiveVersion = 1;
	classes = {
	};
	objectVersion = 56;
	objects = {

/* Begin PBXBuildFile section */
		019E6C5329D1CBB400931315 /* FDTextField.swift in Sources */ = {isa = PBXBuildFile; fileRef = 019E6C5229D1CBB400931315 /* FDTextField.swift */; };
		019E6C5529D1CBD400931315 /* FDPrimaryButton.swift in Sources */ = {isa = PBXBuildFile; fileRef = 019E6C5429D1CBD400931315 /* FDPrimaryButton.swift */; };
		019E6C5729D1CBFA00931315 /* FDSecondaryButton.swift in Sources */ = {isa = PBXBuildFile; fileRef = 019E6C5629D1CBFA00931315 /* FDSecondaryButton.swift */; };
		019F8DF129D3DC760083C2ED /* FDNavigationController.swift in Sources */ = {isa = PBXBuildFile; fileRef = 019F8DF029D3DC760083C2ED /* FDNavigationController.swift */; };
		019F8DF329D3E62E0083C2ED /* UIViewControllerExtension.swift in Sources */ = {isa = PBXBuildFile; fileRef = 019F8DF229D3E62E0083C2ED /* UIViewControllerExtension.swift */; };
		01CE047029D17EC40086CB82 /* FDUI.h in Headers */ = {isa = PBXBuildFile; fileRef = 01CE046F29D17EC40086CB82 /* FDUI.h */; settings = {ATTRIBUTES = (Public, ); }; };
		01CE047C29D181DD0086CB82 /* UIColorExtension.swift in Sources */ = {isa = PBXBuildFile; fileRef = 01CE047B29D181DD0086CB82 /* UIColorExtension.swift */; };
/* End PBXBuildFile section */

/* Begin PBXFileReference section */
		019E6C5229D1CBB400931315 /* FDTextField.swift */ = {isa = PBXFileReference; lastKnownFileType = sourcecode.swift; path = FDTextField.swift; sourceTree = "<group>"; };
		019E6C5429D1CBD400931315 /* FDPrimaryButton.swift */ = {isa = PBXFileReference; lastKnownFileType = sourcecode.swift; path = FDPrimaryButton.swift; sourceTree = "<group>"; };
		019E6C5629D1CBFA00931315 /* FDSecondaryButton.swift */ = {isa = PBXFileReference; lastKnownFileType = sourcecode.swift; path = FDSecondaryButton.swift; sourceTree = "<group>"; };
		019F8DF029D3DC760083C2ED /* FDNavigationController.swift */ = {isa = PBXFileReference; lastKnownFileType = sourcecode.swift; path = FDNavigationController.swift; sourceTree = "<group>"; };
		019F8DF229D3E62E0083C2ED /* UIViewControllerExtension.swift */ = {isa = PBXFileReference; lastKnownFileType = sourcecode.swift; path = UIViewControllerExtension.swift; sourceTree = "<group>"; };
		01CE046C29D17EC40086CB82 /* FDUI.framework */ = {isa = PBXFileReference; explicitFileType = wrapper.framework; includeInIndex = 0; path = FDUI.framework; sourceTree = BUILT_PRODUCTS_DIR; };
		01CE046F29D17EC40086CB82 /* FDUI.h */ = {isa = PBXFileReference; lastKnownFileType = sourcecode.c.h; path = FDUI.h; sourceTree = "<group>"; };
		01CE047B29D181DD0086CB82 /* UIColorExtension.swift */ = {isa = PBXFileReference; lastKnownFileType = sourcecode.swift; path = UIColorExtension.swift; sourceTree = "<group>"; };
/* End PBXFileReference section */

/* Begin PBXFrameworksBuildPhase section */
		01CE046929D17EC40086CB82 /* Frameworks */ = {
			isa = PBXFrameworksBuildPhase;
			buildActionMask = 2147483647;
			files = (
			);
			runOnlyForDeploymentPostprocessing = 0;
		};
/* End PBXFrameworksBuildPhase section */

/* Begin PBXGroup section */
		019E6C5129D1CB9600931315 /* Classes */ = {
			isa = PBXGroup;
			children = (
				01CE047A29D181CE0086CB82 /* Extensions */,
				019E6C5429D1CBD400931315 /* FDPrimaryButton.swift */,
				019E6C5229D1CBB400931315 /* FDTextField.swift */,
				019E6C5629D1CBFA00931315 /* FDSecondaryButton.swift */,
				019F8DF029D3DC760083C2ED /* FDNavigationController.swift */,
			);
			path = Classes;
			sourceTree = "<group>";
		};
		01CE046229D17EC40086CB82 = {
			isa = PBXGroup;
			children = (
				01CE046E29D17EC40086CB82 /* FDUI */,
				01CE046D29D17EC40086CB82 /* Products */,
			);
			sourceTree = "<group>";
		};
		01CE046D29D17EC40086CB82 /* Products */ = {
			isa = PBXGroup;
			children = (
				01CE046C29D17EC40086CB82 /* FDUI.framework */,
			);
			name = Products;
			sourceTree = "<group>";
		};
		01CE046E29D17EC40086CB82 /* FDUI */ = {
			isa = PBXGroup;
			children = (
				019E6C5129D1CB9600931315 /* Classes */,
				01CE046F29D17EC40086CB82 /* FDUI.h */,
			);
			name = FDUI;
			sourceTree = "<group>";
		};
		01CE047A29D181CE0086CB82 /* Extensions */ = {
			isa = PBXGroup;
			children = (
				01CE047B29D181DD0086CB82 /* UIColorExtension.swift */,
				019F8DF229D3E62E0083C2ED /* UIViewControllerExtension.swift */,
			);
			path = Extensions;
			sourceTree = "<group>";
		};
/* End PBXGroup section */

/* Begin PBXHeadersBuildPhase section */
		01CE046729D17EC40086CB82 /* Headers */ = {
			isa = PBXHeadersBuildPhase;
			buildActionMask = 2147483647;
			files = (
				01CE047029D17EC40086CB82 /* FDUI.h in Headers */,
			);
			runOnlyForDeploymentPostprocessing = 0;
		};
/* End PBXHeadersBuildPhase section */

/* Begin PBXNativeTarget section */
		01CE046B29D17EC40086CB82 /* FDUI */ = {
			isa = PBXNativeTarget;
			buildConfigurationList = 01CE047329D17EC40086CB82 /* Build configuration list for PBXNativeTarget "FDUI" */;
			buildPhases = (
				01CE046729D17EC40086CB82 /* Headers */,
				01CE046829D17EC40086CB82 /* Sources */,
				01CE046929D17EC40086CB82 /* Frameworks */,
				01CE046A29D17EC40086CB82 /* Resources */,
			);
			buildRules = (
			);
			dependencies = (
			);
			name = FDUI;
			productName = FDUI;
			productReference = 01CE046C29D17EC40086CB82 /* FDUI.framework */;
			productType = "com.apple.product-type.framework";
		};
/* End PBXNativeTarget section */

/* Begin PBXProject section */
		01CE046329D17EC40086CB82 /* Project object */ = {
			isa = PBXProject;
			attributes = {
				BuildIndependentTargetsInParallel = 1;
				LastUpgradeCheck = 1420;
				TargetAttributes = {
					01CE046B29D17EC40086CB82 = {
						CreatedOnToolsVersion = 14.2;
						LastSwiftMigration = 1420;
					};
				};
			};
			buildConfigurationList = 01CE046629D17EC40086CB82 /* Build configuration list for PBXProject "FDUI" */;
			compatibilityVersion = "Xcode 14.0";
			developmentRegion = en;
			hasScannedForEncodings = 0;
			knownRegions = (
				en,
				Base,
			);
			mainGroup = 01CE046229D17EC40086CB82;
			productRefGroup = 01CE046D29D17EC40086CB82 /* Products */;
			projectDirPath = "";
			projectRoot = "";
			targets = (
				01CE046B29D17EC40086CB82 /* FDUI */,
			);
		};
/* End PBXProject section */

/* Begin PBXResourcesBuildPhase section */
		01CE046A29D17EC40086CB82 /* Resources */ = {
			isa = PBXResourcesBuildPhase;
			buildActionMask = 2147483647;
			files = (
			);
			runOnlyForDeploymentPostprocessing = 0;
		};
/* End PBXResourcesBuildPhase section */

/* Begin PBXSourcesBuildPhase section */
		01CE046829D17EC40086CB82 /* Sources */ = {
			isa = PBXSourcesBuildPhase;
			buildActionMask = 2147483647;
			files = (
				019E6C5729D1CBFA00931315 /* FDSecondaryButton.swift in Sources */,
				01CE047C29D181DD0086CB82 /* UIColorExtension.swift in Sources */,
				019F8DF329D3E62E0083C2ED /* UIViewControllerExtension.swift in Sources */,
				019E6C5329D1CBB400931315 /* FDTextField.swift in Sources */,
				019E6C5529D1CBD400931315 /* FDPrimaryButton.swift in Sources */,
				019F8DF129D3DC760083C2ED /* FDNavigationController.swift in Sources */,
			);
			runOnlyForDeploymentPostprocessing = 0;
		};
/* End PBXSourcesBuildPhase section */

/* Begin XCBuildConfiguration section */
		01CE047129D17EC40086CB82 /* Debug */ = {
			isa = XCBuildConfiguration;
			buildSettings = {
				ALWAYS_SEARCH_USER_PATHS = NO;
				CLANG_ANALYZER_NONNULL = YES;
				CLANG_ANALYZER_NUMBER_OBJECT_CONVERSION = YES_AGGRESSIVE;
				CLANG_CXX_LANGUAGE_STANDARD = "gnu++20";
				CLANG_ENABLE_MODULES = YES;
				CLANG_ENABLE_OBJC_ARC = YES;
				CLANG_ENABLE_OBJC_WEAK = YES;
				CLANG_WARN_BLOCK_CAPTURE_AUTORELEASING = YES;
				CLANG_WARN_BOOL_CONVERSION = YES;
				CLANG_WARN_COMMA = YES;
				CLANG_WARN_CONSTANT_CONVERSION = YES;
				CLANG_WARN_DEPRECATED_OBJC_IMPLEMENTATIONS = YES;
				CLANG_WARN_DIRECT_OBJC_ISA_USAGE = YES_ERROR;
				CLANG_WARN_DOCUMENTATION_COMMENTS = YES;
				CLANG_WARN_EMPTY_BODY = YES;
				CLANG_WARN_ENUM_CONVERSION = YES;
				CLANG_WARN_INFINITE_RECURSION = YES;
				CLANG_WARN_INT_CONVERSION = YES;
				CLANG_WARN_NON_LITERAL_NULL_CONVERSION = YES;
				CLANG_WARN_OBJC_IMPLICIT_RETAIN_SELF = YES;
				CLANG_WARN_OBJC_LITERAL_CONVERSION = YES;
				CLANG_WARN_OBJC_ROOT_CLASS = YES_ERROR;
				CLANG_WARN_QUOTED_INCLUDE_IN_FRAMEWORK_HEADER = YES;
				CLANG_WARN_RANGE_LOOP_ANALYSIS = YES;
				CLANG_WARN_STRICT_PROTOTYPES = YES;
				CLANG_WARN_SUSPICIOUS_MOVE = YES;
				CLANG_WARN_UNGUARDED_AVAILABILITY = YES_AGGRESSIVE;
				CLANG_WARN_UNREACHABLE_CODE = YES;
				CLANG_WARN__DUPLICATE_METHOD_MATCH = YES;
				COPY_PHASE_STRIP = NO;
				CURRENT_PROJECT_VERSION = 1;
				DEBUG_INFORMATION_FORMAT = dwarf;
				ENABLE_STRICT_OBJC_MSGSEND = YES;
				ENABLE_TESTABILITY = YES;
				GCC_C_LANGUAGE_STANDARD = gnu11;
				GCC_DYNAMIC_NO_PIC = NO;
				GCC_NO_COMMON_BLOCKS = YES;
				GCC_OPTIMIZATION_LEVEL = 0;
				GCC_PREPROCESSOR_DEFINITIONS = (
					"DEBUG=1",
					"$(inherited)",
				);
				GCC_WARN_64_TO_32_BIT_CONVERSION = YES;
				GCC_WARN_ABOUT_RETURN_TYPE = YES_ERROR;
				GCC_WARN_UNDECLARED_SELECTOR = YES;
				GCC_WARN_UNINITIALIZED_AUTOS = YES_AGGRESSIVE;
				GCC_WARN_UNUSED_FUNCTION = YES;
				GCC_WARN_UNUSED_VARIABLE = YES;
				IPHONEOS_DEPLOYMENT_TARGET = 16.2;
				MTL_ENABLE_DEBUG_INFO = INCLUDE_SOURCE;
				MTL_FAST_MATH = YES;
				ONLY_ACTIVE_ARCH = YES;
				SDKROOT = iphoneos;
				SWIFT_ACTIVE_COMPILATION_CONDITIONS = DEBUG;
				SWIFT_OPTIMIZATION_LEVEL = "-Onone";
				VERSIONING_SYSTEM = "apple-generic";
				VERSION_INFO_PREFIX = "";
			};
			name = Debug;
		};
		01CE047229D17EC40086CB82 /* Release */ = {
			isa = XCBuildConfiguration;
			buildSettings = {
				ALWAYS_SEARCH_USER_PATHS = NO;
				CLANG_ANALYZER_NONNULL = YES;
				CLANG_ANALYZER_NUMBER_OBJECT_CONVERSION = YES_AGGRESSIVE;
				CLANG_CXX_LANGUAGE_STANDARD = "gnu++20";
				CLANG_ENABLE_MODULES = YES;
				CLANG_ENABLE_OBJC_ARC = YES;
				CLANG_ENABLE_OBJC_WEAK = YES;
				CLANG_WARN_BLOCK_CAPTURE_AUTORELEASING = YES;
				CLANG_WARN_BOOL_CONVERSION = YES;
				CLANG_WARN_COMMA = YES;
				CLANG_WARN_CONSTANT_CONVERSION = YES;
				CLANG_WARN_DEPRECATED_OBJC_IMPLEMENTATIONS = YES;
				CLANG_WARN_DIRECT_OBJC_ISA_USAGE = YES_ERROR;
				CLANG_WARN_DOCUMENTATION_COMMENTS = YES;
				CLANG_WARN_EMPTY_BODY = YES;
				CLANG_WARN_ENUM_CONVERSION = YES;
				CLANG_WARN_INFINITE_RECURSION = YES;
				CLANG_WARN_INT_CONVERSION = YES;
				CLANG_WARN_NON_LITERAL_NULL_CONVERSION = YES;
				CLANG_WARN_OBJC_IMPLICIT_RETAIN_SELF = YES;
				CLANG_WARN_OBJC_LITERAL_CONVERSION = YES;
				CLANG_WARN_OBJC_ROOT_CLASS = YES_ERROR;
				CLANG_WARN_QUOTED_INCLUDE_IN_FRAMEWORK_HEADER = YES;
				CLANG_WARN_RANGE_LOOP_ANALYSIS = YES;
				CLANG_WARN_STRICT_PROTOTYPES = YES;
				CLANG_WARN_SUSPICIOUS_MOVE = YES;
				CLANG_WARN_UNGUARDED_AVAILABILITY = YES_AGGRESSIVE;
				CLANG_WARN_UNREACHABLE_CODE = YES;
				CLANG_WARN__DUPLICATE_METHOD_MATCH = YES;
				COPY_PHASE_STRIP = NO;
				CURRENT_PROJECT_VERSION = 1;
				DEBUG_INFORMATION_FORMAT = "dwarf-with-dsym";
				ENABLE_NS_ASSERTIONS = NO;
				ENABLE_STRICT_OBJC_MSGSEND = YES;
				GCC_C_LANGUAGE_STANDARD = gnu11;
				GCC_NO_COMMON_BLOCKS = YES;
				GCC_WARN_64_TO_32_BIT_CONVERSION = YES;
				GCC_WARN_ABOUT_RETURN_TYPE = YES_ERROR;
				GCC_WARN_UNDECLARED_SELECTOR = YES;
				GCC_WARN_UNINITIALIZED_AUTOS = YES_AGGRESSIVE;
				GCC_WARN_UNUSED_FUNCTION = YES;
				GCC_WARN_UNUSED_VARIABLE = YES;
				IPHONEOS_DEPLOYMENT_TARGET = 16.2;
				MTL_ENABLE_DEBUG_INFO = NO;
				MTL_FAST_MATH = YES;
				SDKROOT = iphoneos;
				SWIFT_COMPILATION_MODE = wholemodule;
				SWIFT_OPTIMIZATION_LEVEL = "-O";
				VALIDATE_PRODUCT = YES;
				VERSIONING_SYSTEM = "apple-generic";
				VERSION_INFO_PREFIX = "";
			};
			name = Release;
		};
		01CE047429D17EC40086CB82 /* Debug */ = {
			isa = XCBuildConfiguration;
			buildSettings = {
				CLANG_ENABLE_MODULES = YES;
				CODE_SIGN_STYLE = Automatic;
				CURRENT_PROJECT_VERSION = 1;
				DEFINES_MODULE = YES;
				DYLIB_COMPATIBILITY_VERSION = 1;
				DYLIB_CURRENT_VERSION = 1;
				DYLIB_INSTALL_NAME_BASE = "@rpath";
				GENERATE_INFOPLIST_FILE = YES;
				INFOPLIST_KEY_NSHumanReadableCopyright = "";
				INSTALL_PATH = "$(LOCAL_LIBRARY_DIR)/Frameworks";
				IPHONEOS_DEPLOYMENT_TARGET = 15.0;
				LD_RUNPATH_SEARCH_PATHS = (
					"$(inherited)",
					"@executable_path/Frameworks",
					"@loader_path/Frameworks",
				);
				MARKETING_VERSION = 1.0;
				PRODUCT_BUNDLE_IDENTIFIER = com.ziesdev.FDUI;
				PRODUCT_NAME = "$(TARGET_NAME:c99extidentifier)";
				SKIP_INSTALL = YES;
				SWIFT_EMIT_LOC_STRINGS = YES;
				SWIFT_OPTIMIZATION_LEVEL = "-Onone";
				SWIFT_VERSION = 5.0;
				TARGETED_DEVICE_FAMILY = "1,2";
			};
			name = Debug;
		};
		01CE047529D17EC40086CB82 /* Release */ = {
			isa = XCBuildConfiguration;
			buildSettings = {
				CLANG_ENABLE_MODULES = YES;
				CODE_SIGN_STYLE = Automatic;
				CURRENT_PROJECT_VERSION = 1;
				DEFINES_MODULE = YES;
				DYLIB_COMPATIBILITY_VERSION = 1;
				DYLIB_CURRENT_VERSION = 1;
				DYLIB_INSTALL_NAME_BASE = "@rpath";
				GENERATE_INFOPLIST_FILE = YES;
				INFOPLIST_KEY_NSHumanReadableCopyright = "";
				INSTALL_PATH = "$(LOCAL_LIBRARY_DIR)/Frameworks";
				IPHONEOS_DEPLOYMENT_TARGET = 15.0;
				LD_RUNPATH_SEARCH_PATHS = (
					"$(inherited)",
					"@executable_path/Frameworks",
					"@loader_path/Frameworks",
				);
				MARKETING_VERSION = 1.0;
				PRODUCT_BUNDLE_IDENTIFIER = com.ziesdev.FDUI;
				PRODUCT_NAME = "$(TARGET_NAME:c99extidentifier)";
				SKIP_INSTALL = YES;
				SWIFT_EMIT_LOC_STRINGS = YES;
				SWIFT_VERSION = 5.0;
				TARGETED_DEVICE_FAMILY = "1,2";
			};
			name = Release;
		};
/* End XCBuildConfiguration section */

/* Begin XCConfigurationList section */
		01CE046629D17EC40086CB82 /* Build configuration list for PBXProject "FDUI" */ = {
			isa = XCConfigurationList;
			buildConfigurations = (
				01CE047129D17EC40086CB82 /* Debug */,
				01CE047229D17EC40086CB82 /* Release */,
			);
			defaultConfigurationIsVisible = 0;
			defaultConfigurationName = Release;
		};
		01CE047329D17EC40086CB82 /* Build configuration list for PBXNativeTarget "FDUI" */ = {
			isa = XCConfigurationList;
			buildConfigurations = (
				01CE047429D17EC40086CB82 /* Debug */,
				01CE047529D17EC40086CB82 /* Release */,
			);
			defaultConfigurationIsVisible = 0;
			defaultConfigurationName = Release;
		};
/* End XCConfigurationList section */
	};
	rootObject = 01CE046329D17EC40086CB82 /* Project object */;
}
