// !$*UTF8*$!
{
	archiveVersion = 1;
	classes = {
	};
	objectVersion = 55;
	objects = {

/* Begin PBXBuildFile section */
		011DD2D8296BF6E3000CC33F /* LoginViewController.swift in Sources */ = {isa = PBXBuildFile; fileRef = 011DD2D7296BF6E3000CC33F /* LoginViewController.swift */; };
		013348FA295F1F36007A2F89 /* FDObservable.swift in Sources */ = {isa = PBXBuildFile; fileRef = 013348F9295F1F36007A2F89 /* FDObservable.swift */; };
		013348FC295F2433007A2F89 /* FtuxViewModel.swift in Sources */ = {isa = PBXBuildFile; fileRef = 013348FB295F2433007A2F89 /* FtuxViewModel.swift */; };
		014FB7B529D984070072EBE2 /* SignUpViewController.swift in Sources */ = {isa = PBXBuildFile; fileRef = 014FB7B429D984070072EBE2 /* SignUpViewController.swift */; };
		0183E9EF2962CFBA0056F948 /* Login.storyboard in Resources */ = {isa = PBXBuildFile; fileRef = 0183E9EE2962CFBA0056F948 /* Login.storyboard */; };
		0183E9F12962CFCD0056F948 /* LoginLandingViewController.swift in Sources */ = {isa = PBXBuildFile; fileRef = 0183E9F02962CFCD0056F948 /* LoginLandingViewController.swift */; };
		01B72EB3295D92F5007E9C05 /* Ftux.swift in Sources */ = {isa = PBXBuildFile; fileRef = 01B72EB2295D92F5007E9C05 /* Ftux.swift */; };
		01B72EB7295D93AC007E9C05 /* FtuxProvider.swift in Sources */ = {isa = PBXBuildFile; fileRef = 01B72EB6295D93AC007E9C05 /* FtuxProvider.swift */; };
		01B72EB9295D99DF007E9C05 /* FtuxViewCell.swift in Sources */ = {isa = PBXBuildFile; fileRef = 01B72EB8295D99DF007E9C05 /* FtuxViewCell.swift */; };
		01BBCF472965AD4200D83211 /* UIColorExtension.swift in Sources */ = {isa = PBXBuildFile; fileRef = 01BBCF462965AD4200D83211 /* UIColorExtension.swift */; };
		01EE9B63295C70890040D4F8 /* AppDelegate.swift in Sources */ = {isa = PBXBuildFile; fileRef = 01EE9B62295C70890040D4F8 /* AppDelegate.swift */; };
		01EE9B65295C70890040D4F8 /* SceneDelegate.swift in Sources */ = {isa = PBXBuildFile; fileRef = 01EE9B64295C70890040D4F8 /* SceneDelegate.swift */; };
		01EE9B6C295C708B0040D4F8 /* Assets.xcassets in Resources */ = {isa = PBXBuildFile; fileRef = 01EE9B6B295C708B0040D4F8 /* Assets.xcassets */; };
		01EE9B6F295C708B0040D4F8 /* LaunchScreen.storyboard in Resources */ = {isa = PBXBuildFile; fileRef = 01EE9B6D295C708B0040D4F8 /* LaunchScreen.storyboard */; };
		01EE9B7A295C708C0040D4F8 /* FoodDeliveryTests.swift in Sources */ = {isa = PBXBuildFile; fileRef = 01EE9B79295C708C0040D4F8 /* FoodDeliveryTests.swift */; };
		01EE9B84295C708C0040D4F8 /* FoodDeliveryUITests.swift in Sources */ = {isa = PBXBuildFile; fileRef = 01EE9B83295C708C0040D4F8 /* FoodDeliveryUITests.swift */; };
		01EE9B86295C708C0040D4F8 /* FoodDeliveryUITestsLaunchTests.swift in Sources */ = {isa = PBXBuildFile; fileRef = 01EE9B85295C708C0040D4F8 /* FoodDeliveryUITestsLaunchTests.swift */; };
		01EE9B95295C73CE0040D4F8 /* Ftux.storyboard in Resources */ = {isa = PBXBuildFile; fileRef = 01EE9B94295C73CE0040D4F8 /* Ftux.storyboard */; };
		01EE9B97295C9B080040D4F8 /* FtuxViewController.swift in Sources */ = {isa = PBXBuildFile; fileRef = 01EE9B96295C9B080040D4F8 /* FtuxViewController.swift */; };
		01F42EDA29D97DB900E04F0F /* FDUI.framework in Frameworks */ = {isa = PBXBuildFile; fileRef = 01F42ED929D97DB900E04F0F /* FDUI.framework */; };
		01F42EDB29D97DB900E04F0F /* FDUI.framework in Embed Frameworks */ = {isa = PBXBuildFile; fileRef = 01F42ED929D97DB900E04F0F /* FDUI.framework */; settings = {ATTRIBUTES = (CodeSignOnCopy, RemoveHeadersOnCopy, ); }; };
		520622DB29DD4F3500325B23 /* GoogleService-Info.plist in Resources */ = {isa = PBXBuildFile; fileRef = 520622DA29DD4F3500325B23 /* GoogleService-Info.plist */; };
		5283E6B429DD077800622E66 /* StringExtension.swift in Sources */ = {isa = PBXBuildFile; fileRef = 5283E6B329DD077800622E66 /* StringExtension.swift */; };
		5283E6B629DD098900622E66 /* SignUpViewModel.swift in Sources */ = {isa = PBXBuildFile; fileRef = 5283E6B529DD098900622E66 /* SignUpViewModel.swift */; };
		5283E6B829DD10CA00622E66 /* LoginViewModel.swift in Sources */ = {isa = PBXBuildFile; fileRef = 5283E6B729DD10CA00622E66 /* LoginViewModel.swift */; };
		769B37F211F6EB2D067A446D /* Pods_FoodDelivery_FoodDeliveryUITests.framework in Frameworks */ = {isa = PBXBuildFile; fileRef = AC3766ABF3CEAB16F483F78A /* Pods_FoodDelivery_FoodDeliveryUITests.framework */; };
		E8001338F45061DAE9BC19E1 /* Pods_FoodDeliveryTests.framework in Frameworks */ = {isa = PBXBuildFile; fileRef = 69D50B169299A94C578F36DC /* Pods_FoodDeliveryTests.framework */; };
		F9AF28A2386CF568E18D29DA /* Pods_FoodDelivery.framework in Frameworks */ = {isa = PBXBuildFile; fileRef = C8E309B909DCC233EB71A9AD /* Pods_FoodDelivery.framework */; };
/* End PBXBuildFile section */

/* Begin PBXContainerItemProxy section */
		01EE9B76295C708C0040D4F8 /* PBXContainerItemProxy */ = {
			isa = PBXContainerItemProxy;
			containerPortal = 01EE9B57295C70880040D4F8 /* Project object */;
			proxyType = 1;
			remoteGlobalIDString = 01EE9B5E295C70890040D4F8;
			remoteInfo = FoodDelivery;
		};
		01EE9B80295C708C0040D4F8 /* PBXContainerItemProxy */ = {
			isa = PBXContainerItemProxy;
			containerPortal = 01EE9B57295C70880040D4F8 /* Project object */;
			proxyType = 1;
			remoteGlobalIDString = 01EE9B5E295C70890040D4F8;
			remoteInfo = FoodDelivery;
		};
/* End PBXContainerItemProxy section */

/* Begin PBXCopyFilesBuildPhase section */
		01F42EDC29D97DB900E04F0F /* Embed Frameworks */ = {
			isa = PBXCopyFilesBuildPhase;
			buildActionMask = 2147483647;
			dstPath = "";
			dstSubfolderSpec = 10;
			files = (
				01F42EDB29D97DB900E04F0F /* FDUI.framework in Embed Frameworks */,
			);
			name = "Embed Frameworks";
			runOnlyForDeploymentPostprocessing = 0;
		};
/* End PBXCopyFilesBuildPhase section */

/* Begin PBXFileReference section */
		011DD2D7296BF6E3000CC33F /* LoginViewController.swift */ = {isa = PBXFileReference; lastKnownFileType = sourcecode.swift; path = LoginViewController.swift; sourceTree = "<group>"; };
		013348F9295F1F36007A2F89 /* FDObservable.swift */ = {isa = PBXFileReference; lastKnownFileType = sourcecode.swift; path = FDObservable.swift; sourceTree = "<group>"; };
		013348FB295F2433007A2F89 /* FtuxViewModel.swift */ = {isa = PBXFileReference; lastKnownFileType = sourcecode.swift; path = FtuxViewModel.swift; sourceTree = "<group>"; };
		014FB7B429D984070072EBE2 /* SignUpViewController.swift */ = {isa = PBXFileReference; lastKnownFileType = sourcecode.swift; path = SignUpViewController.swift; sourceTree = "<group>"; };
		0183E9EE2962CFBA0056F948 /* Login.storyboard */ = {isa = PBXFileReference; lastKnownFileType = file.storyboard; path = Login.storyboard; sourceTree = "<group>"; };
		0183E9F02962CFCD0056F948 /* LoginLandingViewController.swift */ = {isa = PBXFileReference; lastKnownFileType = sourcecode.swift; path = LoginLandingViewController.swift; sourceTree = "<group>"; };
		01B72EB2295D92F5007E9C05 /* Ftux.swift */ = {isa = PBXFileReference; lastKnownFileType = sourcecode.swift; path = Ftux.swift; sourceTree = "<group>"; };
		01B72EB6295D93AC007E9C05 /* FtuxProvider.swift */ = {isa = PBXFileReference; lastKnownFileType = sourcecode.swift; path = FtuxProvider.swift; sourceTree = "<group>"; };
		01B72EB8295D99DF007E9C05 /* FtuxViewCell.swift */ = {isa = PBXFileReference; lastKnownFileType = sourcecode.swift; path = FtuxViewCell.swift; sourceTree = "<group>"; };
		01BBCF462965AD4200D83211 /* UIColorExtension.swift */ = {isa = PBXFileReference; lastKnownFileType = sourcecode.swift; path = UIColorExtension.swift; sourceTree = "<group>"; };
		01EE9B5F295C70890040D4F8 /* FoodDelivery.app */ = {isa = PBXFileReference; explicitFileType = wrapper.application; includeInIndex = 0; path = FoodDelivery.app; sourceTree = BUILT_PRODUCTS_DIR; };
		01EE9B62295C70890040D4F8 /* AppDelegate.swift */ = {isa = PBXFileReference; lastKnownFileType = sourcecode.swift; path = AppDelegate.swift; sourceTree = "<group>"; };
		01EE9B64295C70890040D4F8 /* SceneDelegate.swift */ = {isa = PBXFileReference; lastKnownFileType = sourcecode.swift; path = SceneDelegate.swift; sourceTree = "<group>"; };
		01EE9B6B295C708B0040D4F8 /* Assets.xcassets */ = {isa = PBXFileReference; lastKnownFileType = folder.assetcatalog; path = Assets.xcassets; sourceTree = "<group>"; };
		01EE9B6E295C708B0040D4F8 /* Base */ = {isa = PBXFileReference; lastKnownFileType = file.storyboard; name = Base; path = Base.lproj/LaunchScreen.storyboard; sourceTree = "<group>"; };
		01EE9B70295C708B0040D4F8 /* Info.plist */ = {isa = PBXFileReference; lastKnownFileType = text.plist.xml; path = Info.plist; sourceTree = "<group>"; };
		01EE9B75295C708C0040D4F8 /* FoodDeliveryTests.xctest */ = {isa = PBXFileReference; explicitFileType = wrapper.cfbundle; includeInIndex = 0; path = FoodDeliveryTests.xctest; sourceTree = BUILT_PRODUCTS_DIR; };
		01EE9B79295C708C0040D4F8 /* FoodDeliveryTests.swift */ = {isa = PBXFileReference; lastKnownFileType = sourcecode.swift; path = FoodDeliveryTests.swift; sourceTree = "<group>"; };
		01EE9B7F295C708C0040D4F8 /* FoodDeliveryUITests.xctest */ = {isa = PBXFileReference; explicitFileType = wrapper.cfbundle; includeInIndex = 0; path = FoodDeliveryUITests.xctest; sourceTree = BUILT_PRODUCTS_DIR; };
		01EE9B83295C708C0040D4F8 /* FoodDeliveryUITests.swift */ = {isa = PBXFileReference; lastKnownFileType = sourcecode.swift; path = FoodDeliveryUITests.swift; sourceTree = "<group>"; };
		01EE9B85295C708C0040D4F8 /* FoodDeliveryUITestsLaunchTests.swift */ = {isa = PBXFileReference; lastKnownFileType = sourcecode.swift; path = FoodDeliveryUITestsLaunchTests.swift; sourceTree = "<group>"; };
		01EE9B94295C73CE0040D4F8 /* Ftux.storyboard */ = {isa = PBXFileReference; lastKnownFileType = file.storyboard; path = Ftux.storyboard; sourceTree = "<group>"; };
		01EE9B96295C9B080040D4F8 /* FtuxViewController.swift */ = {isa = PBXFileReference; lastKnownFileType = sourcecode.swift; path = FtuxViewController.swift; sourceTree = "<group>"; };
		01F42ED929D97DB900E04F0F /* FDUI.framework */ = {isa = PBXFileReference; explicitFileType = wrapper.framework; path = FDUI.framework; sourceTree = BUILT_PRODUCTS_DIR; };
		1270252FFD405A7514EDEADB /* Pods-FoodDelivery-FoodDeliveryUITests.debug.xcconfig */ = {isa = PBXFileReference; includeInIndex = 1; lastKnownFileType = text.xcconfig; name = "Pods-FoodDelivery-FoodDeliveryUITests.debug.xcconfig"; path = "Target Support Files/Pods-FoodDelivery-FoodDeliveryUITests/Pods-FoodDelivery-FoodDeliveryUITests.debug.xcconfig"; sourceTree = "<group>"; };
		25E026EBC2D804918A2B5025 /* Pods-FoodDelivery.debug.xcconfig */ = {isa = PBXFileReference; includeInIndex = 1; lastKnownFileType = text.xcconfig; name = "Pods-FoodDelivery.debug.xcconfig"; path = "Target Support Files/Pods-FoodDelivery/Pods-FoodDelivery.debug.xcconfig"; sourceTree = "<group>"; };
		4A9A272BA18FC2C546B2AAF7 /* Pods-FoodDelivery.release.xcconfig */ = {isa = PBXFileReference; includeInIndex = 1; lastKnownFileType = text.xcconfig; name = "Pods-FoodDelivery.release.xcconfig"; path = "Target Support Files/Pods-FoodDelivery/Pods-FoodDelivery.release.xcconfig"; sourceTree = "<group>"; };
		520622DA29DD4F3500325B23 /* GoogleService-Info.plist */ = {isa = PBXFileReference; fileEncoding = 4; lastKnownFileType = text.plist.xml; path = "GoogleService-Info.plist"; sourceTree = "<group>"; };
		5283E6B329DD077800622E66 /* StringExtension.swift */ = {isa = PBXFileReference; lastKnownFileType = sourcecode.swift; path = StringExtension.swift; sourceTree = "<group>"; };
		5283E6B529DD098900622E66 /* SignUpViewModel.swift */ = {isa = PBXFileReference; lastKnownFileType = sourcecode.swift; path = SignUpViewModel.swift; sourceTree = "<group>"; };
		5283E6B729DD10CA00622E66 /* LoginViewModel.swift */ = {isa = PBXFileReference; lastKnownFileType = sourcecode.swift; path = LoginViewModel.swift; sourceTree = "<group>"; };
		69D50B169299A94C578F36DC /* Pods_FoodDeliveryTests.framework */ = {isa = PBXFileReference; explicitFileType = wrapper.framework; includeInIndex = 0; path = Pods_FoodDeliveryTests.framework; sourceTree = BUILT_PRODUCTS_DIR; };
		AC3766ABF3CEAB16F483F78A /* Pods_FoodDelivery_FoodDeliveryUITests.framework */ = {isa = PBXFileReference; explicitFileType = wrapper.framework; includeInIndex = 0; path = Pods_FoodDelivery_FoodDeliveryUITests.framework; sourceTree = BUILT_PRODUCTS_DIR; };
		C8E309B909DCC233EB71A9AD /* Pods_FoodDelivery.framework */ = {isa = PBXFileReference; explicitFileType = wrapper.framework; includeInIndex = 0; path = Pods_FoodDelivery.framework; sourceTree = BUILT_PRODUCTS_DIR; };
		CA8E4ECA7ED26110A5309BBD /* Pods-FoodDeliveryTests.release.xcconfig */ = {isa = PBXFileReference; includeInIndex = 1; lastKnownFileType = text.xcconfig; name = "Pods-FoodDeliveryTests.release.xcconfig"; path = "Target Support Files/Pods-FoodDeliveryTests/Pods-FoodDeliveryTests.release.xcconfig"; sourceTree = "<group>"; };
		D764CD4DEC779E83C9F043CC /* Pods-FoodDeliveryTests.debug.xcconfig */ = {isa = PBXFileReference; includeInIndex = 1; lastKnownFileType = text.xcconfig; name = "Pods-FoodDeliveryTests.debug.xcconfig"; path = "Target Support Files/Pods-FoodDeliveryTests/Pods-FoodDeliveryTests.debug.xcconfig"; sourceTree = "<group>"; };
		E56E854C1A819DDBC3733E15 /* Pods-FoodDelivery-FoodDeliveryUITests.release.xcconfig */ = {isa = PBXFileReference; includeInIndex = 1; lastKnownFileType = text.xcconfig; name = "Pods-FoodDelivery-FoodDeliveryUITests.release.xcconfig"; path = "Target Support Files/Pods-FoodDelivery-FoodDeliveryUITests/Pods-FoodDelivery-FoodDeliveryUITests.release.xcconfig"; sourceTree = "<group>"; };
/* End PBXFileReference section */

/* Begin PBXFrameworksBuildPhase section */
		01EE9B5C295C70890040D4F8 /* Frameworks */ = {
			isa = PBXFrameworksBuildPhase;
			buildActionMask = 2147483647;
			files = (
				01F42EDA29D97DB900E04F0F /* FDUI.framework in Frameworks */,
				F9AF28A2386CF568E18D29DA /* Pods_FoodDelivery.framework in Frameworks */,
			);
			runOnlyForDeploymentPostprocessing = 0;
		};
		01EE9B72295C708C0040D4F8 /* Frameworks */ = {
			isa = PBXFrameworksBuildPhase;
			buildActionMask = 2147483647;
			files = (
				E8001338F45061DAE9BC19E1 /* Pods_FoodDeliveryTests.framework in Frameworks */,
			);
			runOnlyForDeploymentPostprocessing = 0;
		};
		01EE9B7C295C708C0040D4F8 /* Frameworks */ = {
			isa = PBXFrameworksBuildPhase;
			buildActionMask = 2147483647;
			files = (
				769B37F211F6EB2D067A446D /* Pods_FoodDelivery_FoodDeliveryUITests.framework in Frameworks */,
			);
			runOnlyForDeploymentPostprocessing = 0;
		};
/* End PBXFrameworksBuildPhase section */

/* Begin PBXGroup section */
		0183E9E92962CC530056F948 /* Login */ = {
			isa = PBXGroup;
			children = (
				0183E9EE2962CFBA0056F948 /* Login.storyboard */,
				0183E9F02962CFCD0056F948 /* LoginLandingViewController.swift */,
				011DD2D7296BF6E3000CC33F /* LoginViewController.swift */,
				5283E6B729DD10CA00622E66 /* LoginViewModel.swift */,
				014FB7B429D984070072EBE2 /* SignUpViewController.swift */,
				5283E6B529DD098900622E66 /* SignUpViewModel.swift */,
			);
			path = Login;
			sourceTree = "<group>";
		};
		01B72EB1295D92E3007E9C05 /* Models */ = {
			isa = PBXGroup;
			children = (
				01B72EB2295D92F5007E9C05 /* Ftux.swift */,
				013348F9295F1F36007A2F89 /* FDObservable.swift */,
			);
			path = Models;
			sourceTree = "<group>";
		};
		01B72EB4295D9389007E9C05 /* Providers */ = {
			isa = PBXGroup;
			children = (
				01B72EB6295D93AC007E9C05 /* FtuxProvider.swift */,
			);
			path = Providers;
			sourceTree = "<group>";
		};
		01BBCF452965AD2E00D83211 /* Extensions */ = {
			isa = PBXGroup;
			children = (
				01BBCF462965AD4200D83211 /* UIColorExtension.swift */,
				5283E6B329DD077800622E66 /* StringExtension.swift */,
			);
			path = Extensions;
			sourceTree = "<group>";
		};
		01EE9B56295C70880040D4F8 = {
			isa = PBXGroup;
			children = (
				01EE9B61295C70890040D4F8 /* FoodDelivery */,
				01EE9B78295C708C0040D4F8 /* FoodDeliveryTests */,
				01EE9B82295C708C0040D4F8 /* FoodDeliveryUITests */,
				01EE9B60295C70890040D4F8 /* Products */,
				01F42ED829D97DB900E04F0F /* Frameworks */,
				136190933481C5629AE8AE74 /* Pods */,
			);
			sourceTree = "<group>";
		};
		01EE9B60295C70890040D4F8 /* Products */ = {
			isa = PBXGroup;
			children = (
				01EE9B5F295C70890040D4F8 /* FoodDelivery.app */,
				01EE9B75295C708C0040D4F8 /* FoodDeliveryTests.xctest */,
				01EE9B7F295C708C0040D4F8 /* FoodDeliveryUITests.xctest */,
			);
			name = Products;
			sourceTree = "<group>";
		};
		01EE9B61295C70890040D4F8 /* FoodDelivery */ = {
			isa = PBXGroup;
			children = (
				01BBCF452965AD2E00D83211 /* Extensions */,
				01B72EB4295D9389007E9C05 /* Providers */,
				01B72EB1295D92E3007E9C05 /* Models */,
				01EE9B92295C739F0040D4F8 /* Module */,
				01EE9B62295C70890040D4F8 /* AppDelegate.swift */,
				01EE9B64295C70890040D4F8 /* SceneDelegate.swift */,
				01EE9B6B295C708B0040D4F8 /* Assets.xcassets */,
				520622DA29DD4F3500325B23 /* GoogleService-Info.plist */,
				01EE9B6D295C708B0040D4F8 /* LaunchScreen.storyboard */,
				01EE9B70295C708B0040D4F8 /* Info.plist */,
			);
			path = FoodDelivery;
			sourceTree = "<group>";
		};
		01EE9B78295C708C0040D4F8 /* FoodDeliveryTests */ = {
			isa = PBXGroup;
			children = (
				01EE9B79295C708C0040D4F8 /* FoodDeliveryTests.swift */,
			);
			path = FoodDeliveryTests;
			sourceTree = "<group>";
		};
		01EE9B82295C708C0040D4F8 /* FoodDeliveryUITests */ = {
			isa = PBXGroup;
			children = (
				01EE9B83295C708C0040D4F8 /* FoodDeliveryUITests.swift */,
				01EE9B85295C708C0040D4F8 /* FoodDeliveryUITestsLaunchTests.swift */,
			);
			path = FoodDeliveryUITests;
			sourceTree = "<group>";
		};
		01EE9B92295C739F0040D4F8 /* Module */ = {
			isa = PBXGroup;
			children = (
				0183E9E92962CC530056F948 /* Login */,
				01EE9B93295C73AF0040D4F8 /* Ftux */,
			);
			path = Module;
			sourceTree = "<group>";
		};
		01EE9B93295C73AF0040D4F8 /* Ftux */ = {
			isa = PBXGroup;
			children = (
				01EE9B94295C73CE0040D4F8 /* Ftux.storyboard */,
				01EE9B96295C9B080040D4F8 /* FtuxViewController.swift */,
				01B72EB8295D99DF007E9C05 /* FtuxViewCell.swift */,
				013348FB295F2433007A2F89 /* FtuxViewModel.swift */,
			);
			path = Ftux;
			sourceTree = "<group>";
		};
		01F42ED829D97DB900E04F0F /* Frameworks */ = {
			isa = PBXGroup;
			children = (
				01F42ED929D97DB900E04F0F /* FDUI.framework */,
				C8E309B909DCC233EB71A9AD /* Pods_FoodDelivery.framework */,
				AC3766ABF3CEAB16F483F78A /* Pods_FoodDelivery_FoodDeliveryUITests.framework */,
				69D50B169299A94C578F36DC /* Pods_FoodDeliveryTests.framework */,
			);
			name = Frameworks;
			sourceTree = "<group>";
		};
		136190933481C5629AE8AE74 /* Pods */ = {
			isa = PBXGroup;
			children = (
				25E026EBC2D804918A2B5025 /* Pods-FoodDelivery.debug.xcconfig */,
				4A9A272BA18FC2C546B2AAF7 /* Pods-FoodDelivery.release.xcconfig */,
				1270252FFD405A7514EDEADB /* Pods-FoodDelivery-FoodDeliveryUITests.debug.xcconfig */,
				E56E854C1A819DDBC3733E15 /* Pods-FoodDelivery-FoodDeliveryUITests.release.xcconfig */,
				D764CD4DEC779E83C9F043CC /* Pods-FoodDeliveryTests.debug.xcconfig */,
				CA8E4ECA7ED26110A5309BBD /* Pods-FoodDeliveryTests.release.xcconfig */,
			);
			path = Pods;
			sourceTree = "<group>";
		};
/* End PBXGroup section */

/* Begin PBXNativeTarget section */
		01EE9B5E295C70890040D4F8 /* FoodDelivery */ = {
			isa = PBXNativeTarget;
			buildConfigurationList = 01EE9B89295C708C0040D4F8 /* Build configuration list for PBXNativeTarget "FoodDelivery" */;
			buildPhases = (
				505AB979844AC7C09ED6E341 /* [CP] Check Pods Manifest.lock */,
				01EE9B5B295C70890040D4F8 /* Sources */,
				01EE9B5C295C70890040D4F8 /* Frameworks */,
				01EE9B5D295C70890040D4F8 /* Resources */,
				01F42EDC29D97DB900E04F0F /* Embed Frameworks */,
				CD98C58C5463CDE68329EB77 /* [CP] Embed Pods Frameworks */,
			);
			buildRules = (
			);
			dependencies = (
			);
			name = FoodDelivery;
			productName = FoodDelivery;
			productReference = 01EE9B5F295C70890040D4F8 /* FoodDelivery.app */;
			productType = "com.apple.product-type.application";
		};
		01EE9B74295C708C0040D4F8 /* FoodDeliveryTests */ = {
			isa = PBXNativeTarget;
			buildConfigurationList = 01EE9B8C295C708C0040D4F8 /* Build configuration list for PBXNativeTarget "FoodDeliveryTests" */;
			buildPhases = (
				3B259823708CB579762E7401 /* [CP] Check Pods Manifest.lock */,
				01EE9B71295C708C0040D4F8 /* Sources */,
				01EE9B72295C708C0040D4F8 /* Frameworks */,
				01EE9B73295C708C0040D4F8 /* Resources */,
			);
			buildRules = (
			);
			dependencies = (
				01EE9B77295C708C0040D4F8 /* PBXTargetDependency */,
			);
			name = FoodDeliveryTests;
			productName = FoodDeliveryTests;
			productReference = 01EE9B75295C708C0040D4F8 /* FoodDeliveryTests.xctest */;
			productType = "com.apple.product-type.bundle.unit-test";
		};
		01EE9B7E295C708C0040D4F8 /* FoodDeliveryUITests */ = {
			isa = PBXNativeTarget;
			buildConfigurationList = 01EE9B8F295C708C0040D4F8 /* Build configuration list for PBXNativeTarget "FoodDeliveryUITests" */;
			buildPhases = (
				ACEBB630EF16C27BA0C9550B /* [CP] Check Pods Manifest.lock */,
				01EE9B7B295C708C0040D4F8 /* Sources */,
				01EE9B7C295C708C0040D4F8 /* Frameworks */,
				01EE9B7D295C708C0040D4F8 /* Resources */,
				E32ECA57914EB029F394BF31 /* [CP] Embed Pods Frameworks */,
			);
			buildRules = (
			);
			dependencies = (
				01EE9B81295C708C0040D4F8 /* PBXTargetDependency */,
			);
			name = FoodDeliveryUITests;
			productName = FoodDeliveryUITests;
			productReference = 01EE9B7F295C708C0040D4F8 /* FoodDeliveryUITests.xctest */;
			productType = "com.apple.product-type.bundle.ui-testing";
		};
/* End PBXNativeTarget section */

/* Begin PBXProject section */
		01EE9B57295C70880040D4F8 /* Project object */ = {
			isa = PBXProject;
			attributes = {
				BuildIndependentTargetsInParallel = 1;
				LastSwiftUpdateCheck = 1320;
				LastUpgradeCheck = 1320;
				TargetAttributes = {
					01EE9B5E295C70890040D4F8 = {
						CreatedOnToolsVersion = 13.2.1;
					};
					01EE9B74295C708C0040D4F8 = {
						CreatedOnToolsVersion = 13.2.1;
						TestTargetID = 01EE9B5E295C70890040D4F8;
					};
					01EE9B7E295C708C0040D4F8 = {
						CreatedOnToolsVersion = 13.2.1;
						TestTargetID = 01EE9B5E295C70890040D4F8;
					};
				};
			};
			buildConfigurationList = 01EE9B5A295C70880040D4F8 /* Build configuration list for PBXProject "FoodDelivery" */;
			compatibilityVersion = "Xcode 13.0";
			developmentRegion = en;
			hasScannedForEncodings = 0;
			knownRegions = (
				en,
				Base,
			);
			mainGroup = 01EE9B56295C70880040D4F8;
			productRefGroup = 01EE9B60295C70890040D4F8 /* Products */;
			projectDirPath = "";
			projectRoot = "";
			targets = (
				01EE9B5E295C70890040D4F8 /* FoodDelivery */,
				01EE9B74295C708C0040D4F8 /* FoodDeliveryTests */,
				01EE9B7E295C708C0040D4F8 /* FoodDeliveryUITests */,
			);
		};
/* End PBXProject section */

/* Begin PBXResourcesBuildPhase section */
		01EE9B5D295C70890040D4F8 /* Resources */ = {
			isa = PBXResourcesBuildPhase;
			buildActionMask = 2147483647;
			files = (
				0183E9EF2962CFBA0056F948 /* Login.storyboard in Resources */,
				01EE9B6F295C708B0040D4F8 /* LaunchScreen.storyboard in Resources */,
				520622DB29DD4F3500325B23 /* GoogleService-Info.plist in Resources */,
				01EE9B95295C73CE0040D4F8 /* Ftux.storyboard in Resources */,
				01EE9B6C295C708B0040D4F8 /* Assets.xcassets in Resources */,
			);
			runOnlyForDeploymentPostprocessing = 0;
		};
		01EE9B73295C708C0040D4F8 /* Resources */ = {
			isa = PBXResourcesBuildPhase;
			buildActionMask = 2147483647;
			files = (
			);
			runOnlyForDeploymentPostprocessing = 0;
		};
		01EE9B7D295C708C0040D4F8 /* Resources */ = {
			isa = PBXResourcesBuildPhase;
			buildActionMask = 2147483647;
			files = (
			);
			runOnlyForDeploymentPostprocessing = 0;
		};
/* End PBXResourcesBuildPhase section */

/* Begin PBXShellScriptBuildPhase section */
		3B259823708CB579762E7401 /* [CP] Check Pods Manifest.lock */ = {
			isa = PBXShellScriptBuildPhase;
			buildActionMask = 2147483647;
			files = (
			);
			inputFileListPaths = (
			);
			inputPaths = (
				"${PODS_PODFILE_DIR_PATH}/Podfile.lock",
				"${PODS_ROOT}/Manifest.lock",
			);
			name = "[CP] Check Pods Manifest.lock";
			outputFileListPaths = (
			);
			outputPaths = (
				"$(DERIVED_FILE_DIR)/Pods-FoodDeliveryTests-checkManifestLockResult.txt",
			);
			runOnlyForDeploymentPostprocessing = 0;
			shellPath = /bin/sh;
			shellScript = "diff \"${PODS_PODFILE_DIR_PATH}/Podfile.lock\" \"${PODS_ROOT}/Manifest.lock\" > /dev/null\nif [ $? != 0 ] ; then\n    # print error to STDERR\n    echo \"error: The sandbox is not in sync with the Podfile.lock. Run 'pod install' or update your CocoaPods installation.\" >&2\n    exit 1\nfi\n# This output is used by Xcode 'outputs' to avoid re-running this script phase.\necho \"SUCCESS\" > \"${SCRIPT_OUTPUT_FILE_0}\"\n";
			showEnvVarsInLog = 0;
		};
		505AB979844AC7C09ED6E341 /* [CP] Check Pods Manifest.lock */ = {
			isa = PBXShellScriptBuildPhase;
			buildActionMask = 2147483647;
			files = (
			);
			inputFileListPaths = (
			);
			inputPaths = (
				"${PODS_PODFILE_DIR_PATH}/Podfile.lock",
				"${PODS_ROOT}/Manifest.lock",
			);
			name = "[CP] Check Pods Manifest.lock";
			outputFileListPaths = (
			);
			outputPaths = (
				"$(DERIVED_FILE_DIR)/Pods-FoodDelivery-checkManifestLockResult.txt",
			);
			runOnlyForDeploymentPostprocessing = 0;
			shellPath = /bin/sh;
			shellScript = "diff \"${PODS_PODFILE_DIR_PATH}/Podfile.lock\" \"${PODS_ROOT}/Manifest.lock\" > /dev/null\nif [ $? != 0 ] ; then\n    # print error to STDERR\n    echo \"error: The sandbox is not in sync with the Podfile.lock. Run 'pod install' or update your CocoaPods installation.\" >&2\n    exit 1\nfi\n# This output is used by Xcode 'outputs' to avoid re-running this script phase.\necho \"SUCCESS\" > \"${SCRIPT_OUTPUT_FILE_0}\"\n";
			showEnvVarsInLog = 0;
		};
		ACEBB630EF16C27BA0C9550B /* [CP] Check Pods Manifest.lock */ = {
			isa = PBXShellScriptBuildPhase;
			buildActionMask = 2147483647;
			files = (
			);
			inputFileListPaths = (
			);
			inputPaths = (
				"${PODS_PODFILE_DIR_PATH}/Podfile.lock",
				"${PODS_ROOT}/Manifest.lock",
			);
			name = "[CP] Check Pods Manifest.lock";
			outputFileListPaths = (
			);
			outputPaths = (
				"$(DERIVED_FILE_DIR)/Pods-FoodDelivery-FoodDeliveryUITests-checkManifestLockResult.txt",
			);
			runOnlyForDeploymentPostprocessing = 0;
			shellPath = /bin/sh;
			shellScript = "diff \"${PODS_PODFILE_DIR_PATH}/Podfile.lock\" \"${PODS_ROOT}/Manifest.lock\" > /dev/null\nif [ $? != 0 ] ; then\n    # print error to STDERR\n    echo \"error: The sandbox is not in sync with the Podfile.lock. Run 'pod install' or update your CocoaPods installation.\" >&2\n    exit 1\nfi\n# This output is used by Xcode 'outputs' to avoid re-running this script phase.\necho \"SUCCESS\" > \"${SCRIPT_OUTPUT_FILE_0}\"\n";
			showEnvVarsInLog = 0;
		};
		CD98C58C5463CDE68329EB77 /* [CP] Embed Pods Frameworks */ = {
			isa = PBXShellScriptBuildPhase;
			buildActionMask = 2147483647;
			files = (
			);
			inputFileListPaths = (
				"${PODS_ROOT}/Target Support Files/Pods-FoodDelivery/Pods-FoodDelivery-frameworks-${CONFIGURATION}-input-files.xcfilelist",
			);
			name = "[CP] Embed Pods Frameworks";
			outputFileListPaths = (
				"${PODS_ROOT}/Target Support Files/Pods-FoodDelivery/Pods-FoodDelivery-frameworks-${CONFIGURATION}-output-files.xcfilelist",
			);
			runOnlyForDeploymentPostprocessing = 0;
			shellPath = /bin/sh;
			shellScript = "\"${PODS_ROOT}/Target Support Files/Pods-FoodDelivery/Pods-FoodDelivery-frameworks.sh\"\n";
			showEnvVarsInLog = 0;
		};
		E32ECA57914EB029F394BF31 /* [CP] Embed Pods Frameworks */ = {
			isa = PBXShellScriptBuildPhase;
			buildActionMask = 2147483647;
			files = (
			);
			inputFileListPaths = (
				"${PODS_ROOT}/Target Support Files/Pods-FoodDelivery-FoodDeliveryUITests/Pods-FoodDelivery-FoodDeliveryUITests-frameworks-${CONFIGURATION}-input-files.xcfilelist",
			);
			name = "[CP] Embed Pods Frameworks";
			outputFileListPaths = (
				"${PODS_ROOT}/Target Support Files/Pods-FoodDelivery-FoodDeliveryUITests/Pods-FoodDelivery-FoodDeliveryUITests-frameworks-${CONFIGURATION}-output-files.xcfilelist",
			);
			runOnlyForDeploymentPostprocessing = 0;
			shellPath = /bin/sh;
			shellScript = "\"${PODS_ROOT}/Target Support Files/Pods-FoodDelivery-FoodDeliveryUITests/Pods-FoodDelivery-FoodDeliveryUITests-frameworks.sh\"\n";
			showEnvVarsInLog = 0;
		};
/* End PBXShellScriptBuildPhase section */

/* Begin PBXSourcesBuildPhase section */
		01EE9B5B295C70890040D4F8 /* Sources */ = {
			isa = PBXSourcesBuildPhase;
			buildActionMask = 2147483647;
			files = (
				01B72EB3295D92F5007E9C05 /* Ftux.swift in Sources */,
				013348FC295F2433007A2F89 /* FtuxViewModel.swift in Sources */,
				01B72EB9295D99DF007E9C05 /* FtuxViewCell.swift in Sources */,
				013348FA295F1F36007A2F89 /* FDObservable.swift in Sources */,
				01EE9B97295C9B080040D4F8 /* FtuxViewController.swift in Sources */,
				01EE9B63295C70890040D4F8 /* AppDelegate.swift in Sources */,
				5283E6B629DD098900622E66 /* SignUpViewModel.swift in Sources */,
				014FB7B529D984070072EBE2 /* SignUpViewController.swift in Sources */,
				5283E6B829DD10CA00622E66 /* LoginViewModel.swift in Sources */,
				01B72EB7295D93AC007E9C05 /* FtuxProvider.swift in Sources */,
				01BBCF472965AD4200D83211 /* UIColorExtension.swift in Sources */,
				0183E9F12962CFCD0056F948 /* LoginLandingViewController.swift in Sources */,
				01EE9B65295C70890040D4F8 /* SceneDelegate.swift in Sources */,
				5283E6B429DD077800622E66 /* StringExtension.swift in Sources */,
				011DD2D8296BF6E3000CC33F /* LoginViewController.swift in Sources */,
			);
			runOnlyForDeploymentPostprocessing = 0;
		};
		01EE9B71295C708C0040D4F8 /* Sources */ = {
			isa = PBXSourcesBuildPhase;
			buildActionMask = 2147483647;
			files = (
				01EE9B7A295C708C0040D4F8 /* FoodDeliveryTests.swift in Sources */,
			);
			runOnlyForDeploymentPostprocessing = 0;
		};
		01EE9B7B295C708C0040D4F8 /* Sources */ = {
			isa = PBXSourcesBuildPhase;
			buildActionMask = 2147483647;
			files = (
				01EE9B86295C708C0040D4F8 /* FoodDeliveryUITestsLaunchTests.swift in Sources */,
				01EE9B84295C708C0040D4F8 /* FoodDeliveryUITests.swift in Sources */,
			);
			runOnlyForDeploymentPostprocessing = 0;
		};
/* End PBXSourcesBuildPhase section */

/* Begin PBXTargetDependency section */
		01EE9B77295C708C0040D4F8 /* PBXTargetDependency */ = {
			isa = PBXTargetDependency;
			target = 01EE9B5E295C70890040D4F8 /* FoodDelivery */;
			targetProxy = 01EE9B76295C708C0040D4F8 /* PBXContainerItemProxy */;
		};
		01EE9B81295C708C0040D4F8 /* PBXTargetDependency */ = {
			isa = PBXTargetDependency;
			target = 01EE9B5E295C70890040D4F8 /* FoodDelivery */;
			targetProxy = 01EE9B80295C708C0040D4F8 /* PBXContainerItemProxy */;
		};
/* End PBXTargetDependency section */

/* Begin PBXVariantGroup section */
		01EE9B6D295C708B0040D4F8 /* LaunchScreen.storyboard */ = {
			isa = PBXVariantGroup;
			children = (
				01EE9B6E295C708B0040D4F8 /* Base */,
			);
			name = LaunchScreen.storyboard;
			sourceTree = "<group>";
		};
/* End PBXVariantGroup section */

/* Begin XCBuildConfiguration section */
		01EE9B87295C708C0040D4F8 /* Debug */ = {
			isa = XCBuildConfiguration;
			buildSettings = {
				ALWAYS_SEARCH_USER_PATHS = NO;
				CLANG_ANALYZER_NONNULL = YES;
				CLANG_ANALYZER_NUMBER_OBJECT_CONVERSION = YES_AGGRESSIVE;
				CLANG_CXX_LANGUAGE_STANDARD = "gnu++17";
				CLANG_CXX_LIBRARY = "libc++";
				CLANG_ENABLE_MODULES = YES;
				CLANG_ENABLE_OBJC_ARC = YES;
				CLANG_ENABLE_OBJC_WEAK = YES;
				CLANG_WARN_BLOCK_CAPTURE_AUTORELEASING = YES;
				CLANG_WARN_BOOL_CONVERSION = YES;
				CLANG_WARN_COMMA = YES;
				CLANG_WARN_CONSTANT_CONVERSION = YES;
				CLANG_WARN_DEPRECATED_OBJC_IMPLEMENTATIONS = YES;
				CLANG_WARN_DIRECT_OBJC_ISA_USAGE = YES_ERROR;
				CLANG_WARN_DOCUMENTATION_COMMENTS = YES;
				CLANG_WARN_EMPTY_BODY = YES;
				CLANG_WARN_ENUM_CONVERSION = YES;
				CLANG_WARN_INFINITE_RECURSION = YES;
				CLANG_WARN_INT_CONVERSION = YES;
				CLANG_WARN_NON_LITERAL_NULL_CONVERSION = YES;
				CLANG_WARN_OBJC_IMPLICIT_RETAIN_SELF = YES;
				CLANG_WARN_OBJC_LITERAL_CONVERSION = YES;
				CLANG_WARN_OBJC_ROOT_CLASS = YES_ERROR;
				CLANG_WARN_QUOTED_INCLUDE_IN_FRAMEWORK_HEADER = YES;
				CLANG_WARN_RANGE_LOOP_ANALYSIS = YES;
				CLANG_WARN_STRICT_PROTOTYPES = YES;
				CLANG_WARN_SUSPICIOUS_MOVE = YES;
				CLANG_WARN_UNGUARDED_AVAILABILITY = YES_AGGRESSIVE;
				CLANG_WARN_UNREACHABLE_CODE = YES;
				CLANG_WARN__DUPLICATE_METHOD_MATCH = YES;
				COPY_PHASE_STRIP = NO;
				DEBUG_INFORMATION_FORMAT = dwarf;
				ENABLE_STRICT_OBJC_MSGSEND = YES;
				ENABLE_TESTABILITY = YES;
				GCC_C_LANGUAGE_STANDARD = gnu11;
				GCC_DYNAMIC_NO_PIC = NO;
				GCC_NO_COMMON_BLOCKS = YES;
				GCC_OPTIMIZATION_LEVEL = 0;
				GCC_PREPROCESSOR_DEFINITIONS = (
					"DEBUG=1",
					"$(inherited)",
				);
				GCC_WARN_64_TO_32_BIT_CONVERSION = YES;
				GCC_WARN_ABOUT_RETURN_TYPE = YES_ERROR;
				GCC_WARN_UNDECLARED_SELECTOR = YES;
				GCC_WARN_UNINITIALIZED_AUTOS = YES_AGGRESSIVE;
				GCC_WARN_UNUSED_FUNCTION = YES;
				GCC_WARN_UNUSED_VARIABLE = YES;
				IPHONEOS_DEPLOYMENT_TARGET = 15.2;
				MTL_ENABLE_DEBUG_INFO = INCLUDE_SOURCE;
				MTL_FAST_MATH = YES;
				ONLY_ACTIVE_ARCH = YES;
				SDKROOT = iphoneos;
				SWIFT_ACTIVE_COMPILATION_CONDITIONS = DEBUG;
				SWIFT_OPTIMIZATION_LEVEL = "-Onone";
			};
			name = Debug;
		};
		01EE9B88295C708C0040D4F8 /* Release */ = {
			isa = XCBuildConfiguration;
			buildSettings = {
				ALWAYS_SEARCH_USER_PATHS = NO;
				CLANG_ANALYZER_NONNULL = YES;
				CLANG_ANALYZER_NUMBER_OBJECT_CONVERSION = YES_AGGRESSIVE;
				CLANG_CXX_LANGUAGE_STANDARD = "gnu++17";
				CLANG_CXX_LIBRARY = "libc++";
				CLANG_ENABLE_MODULES = YES;
				CLANG_ENABLE_OBJC_ARC = YES;
				CLANG_ENABLE_OBJC_WEAK = YES;
				CLANG_WARN_BLOCK_CAPTURE_AUTORELEASING = YES;
				CLANG_WARN_BOOL_CONVERSION = YES;
				CLANG_WARN_COMMA = YES;
				CLANG_WARN_CONSTANT_CONVERSION = YES;
				CLANG_WARN_DEPRECATED_OBJC_IMPLEMENTATIONS = YES;
				CLANG_WARN_DIRECT_OBJC_ISA_USAGE = YES_ERROR;
				CLANG_WARN_DOCUMENTATION_COMMENTS = YES;
				CLANG_WARN_EMPTY_BODY = YES;
				CLANG_WARN_ENUM_CONVERSION = YES;
				CLANG_WARN_INFINITE_RECURSION = YES;
				CLANG_WARN_INT_CONVERSION = YES;
				CLANG_WARN_NON_LITERAL_NULL_CONVERSION = YES;
				CLANG_WARN_OBJC_IMPLICIT_RETAIN_SELF = YES;
				CLANG_WARN_OBJC_LITERAL_CONVERSION = YES;
				CLANG_WARN_OBJC_ROOT_CLASS = YES_ERROR;
				CLANG_WARN_QUOTED_INCLUDE_IN_FRAMEWORK_HEADER = YES;
				CLANG_WARN_RANGE_LOOP_ANALYSIS = YES;
				CLANG_WARN_STRICT_PROTOTYPES = YES;
				CLANG_WARN_SUSPICIOUS_MOVE = YES;
				CLANG_WARN_UNGUARDED_AVAILABILITY = YES_AGGRESSIVE;
				CLANG_WARN_UNREACHABLE_CODE = YES;
				CLANG_WARN__DUPLICATE_METHOD_MATCH = YES;
				COPY_PHASE_STRIP = NO;
				DEBUG_INFORMATION_FORMAT = "dwarf-with-dsym";
				ENABLE_NS_ASSERTIONS = NO;
				ENABLE_STRICT_OBJC_MSGSEND = YES;
				GCC_C_LANGUAGE_STANDARD = gnu11;
				GCC_NO_COMMON_BLOCKS = YES;
				GCC_WARN_64_TO_32_BIT_CONVERSION = YES;
				GCC_WARN_ABOUT_RETURN_TYPE = YES_ERROR;
				GCC_WARN_UNDECLARED_SELECTOR = YES;
				GCC_WARN_UNINITIALIZED_AUTOS = YES_AGGRESSIVE;
				GCC_WARN_UNUSED_FUNCTION = YES;
				GCC_WARN_UNUSED_VARIABLE = YES;
				IPHONEOS_DEPLOYMENT_TARGET = 15.2;
				MTL_ENABLE_DEBUG_INFO = NO;
				MTL_FAST_MATH = YES;
				SDKROOT = iphoneos;
				SWIFT_COMPILATION_MODE = wholemodule;
				SWIFT_OPTIMIZATION_LEVEL = "-O";
				VALIDATE_PRODUCT = YES;
			};
			name = Release;
		};
		01EE9B8A295C708C0040D4F8 /* Debug */ = {
			isa = XCBuildConfiguration;
			baseConfigurationReference = 25E026EBC2D804918A2B5025 /* Pods-FoodDelivery.debug.xcconfig */;
			buildSettings = {
				ASSETCATALOG_COMPILER_APPICON_NAME = AppIcon;
				ASSETCATALOG_COMPILER_GLOBAL_ACCENT_COLOR_NAME = AccentColor;
				CODE_SIGN_STYLE = Automatic;
				CURRENT_PROJECT_VERSION = 1;
				DEVELOPMENT_TEAM = 86CWQQPNC4;
				GENERATE_INFOPLIST_FILE = YES;
				INFOPLIST_FILE = FoodDelivery/Info.plist;
				INFOPLIST_KEY_CFBundleDisplayName = "Meal Monkey";
				INFOPLIST_KEY_UIApplicationSupportsIndirectInputEvents = YES;
				INFOPLIST_KEY_UILaunchStoryboardName = LaunchScreen;
				INFOPLIST_KEY_UIMainStoryboardFile = Ftux;
				INFOPLIST_KEY_UISupportedInterfaceOrientations = UIInterfaceOrientationPortrait;
				INFOPLIST_KEY_UISupportedInterfaceOrientations_iPad = "UIInterfaceOrientationPortrait UIInterfaceOrientationPortraitUpsideDown UIInterfaceOrientationLandscapeLeft UIInterfaceOrientationLandscapeRight";
				INFOPLIST_KEY_UISupportedInterfaceOrientations_iPhone = "UIInterfaceOrientationPortrait UIInterfaceOrientationLandscapeLeft UIInterfaceOrientationLandscapeRight";
				INFOPLIST_KEY_UIUserInterfaceStyle = Light;
				IPHONEOS_DEPLOYMENT_TARGET = 15.0;
				LD_RUNPATH_SEARCH_PATHS = (
					"$(inherited)",
					"@executable_path/Frameworks",
				);
				MARKETING_VERSION = 1.0;
				PRODUCT_BUNDLE_IDENTIFIER = com.ziesdev.FoodDelivery;
				PRODUCT_NAME = "$(TARGET_NAME)";
				SWIFT_EMIT_LOC_STRINGS = YES;
				SWIFT_VERSION = 5.0;
				TARGETED_DEVICE_FAMILY = 1;
			};
			name = Debug;
		};
		01EE9B8B295C708C0040D4F8 /* Release */ = {
			isa = XCBuildConfiguration;
			baseConfigurationReference = 4A9A272BA18FC2C546B2AAF7 /* Pods-FoodDelivery.release.xcconfig */;
			buildSettings = {
				ASSETCATALOG_COMPILER_APPICON_NAME = AppIcon;
				ASSETCATALOG_COMPILER_GLOBAL_ACCENT_COLOR_NAME = AccentColor;
				CODE_SIGN_STYLE = Automatic;
				CURRENT_PROJECT_VERSION = 1;
				DEVELOPMENT_TEAM = 86CWQQPNC4;
				GENERATE_INFOPLIST_FILE = YES;
				INFOPLIST_FILE = FoodDelivery/Info.plist;
				INFOPLIST_KEY_CFBundleDisplayName = "Meal Monkey";
				INFOPLIST_KEY_UIApplicationSupportsIndirectInputEvents = YES;
				INFOPLIST_KEY_UILaunchStoryboardName = LaunchScreen;
				INFOPLIST_KEY_UIMainStoryboardFile = Ftux;
				INFOPLIST_KEY_UISupportedInterfaceOrientations = UIInterfaceOrientationPortrait;
				INFOPLIST_KEY_UISupportedInterfaceOrientations_iPad = "UIInterfaceOrientationPortrait UIInterfaceOrientationPortraitUpsideDown UIInterfaceOrientationLandscapeLeft UIInterfaceOrientationLandscapeRight";
				INFOPLIST_KEY_UISupportedInterfaceOrientations_iPhone = "UIInterfaceOrientationPortrait UIInterfaceOrientationLandscapeLeft UIInterfaceOrientationLandscapeRight";
				INFOPLIST_KEY_UIUserInterfaceStyle = Light;
				IPHONEOS_DEPLOYMENT_TARGET = 15.0;
				LD_RUNPATH_SEARCH_PATHS = (
					"$(inherited)",
					"@executable_path/Frameworks",
				);
				MARKETING_VERSION = 1.0;
				PRODUCT_BUNDLE_IDENTIFIER = com.ziesdev.FoodDelivery;
				PRODUCT_NAME = "$(TARGET_NAME)";
				SWIFT_EMIT_LOC_STRINGS = YES;
				SWIFT_VERSION = 5.0;
				TARGETED_DEVICE_FAMILY = 1;
			};
			name = Release;
		};
		01EE9B8D295C708C0040D4F8 /* Debug */ = {
			isa = XCBuildConfiguration;
			baseConfigurationReference = D764CD4DEC779E83C9F043CC /* Pods-FoodDeliveryTests.debug.xcconfig */;
			buildSettings = {
				ALWAYS_EMBED_SWIFT_STANDARD_LIBRARIES = YES;
				BUNDLE_LOADER = "$(TEST_HOST)";
				CODE_SIGN_STYLE = Automatic;
				CURRENT_PROJECT_VERSION = 1;
				DEVELOPMENT_TEAM = 86CWQQPNC4;
				GENERATE_INFOPLIST_FILE = YES;
				IPHONEOS_DEPLOYMENT_TARGET = 15.2;
				MARKETING_VERSION = 1.0;
				PRODUCT_BUNDLE_IDENTIFIER = com.ziesdev.FoodDeliveryTests;
				PRODUCT_NAME = "$(TARGET_NAME)";
				SWIFT_EMIT_LOC_STRINGS = NO;
				SWIFT_VERSION = 5.0;
				TARGETED_DEVICE_FAMILY = "1,2";
				TEST_HOST = "$(BUILT_PRODUCTS_DIR)/FoodDelivery.app/FoodDelivery";
			};
			name = Debug;
		};
		01EE9B8E295C708C0040D4F8 /* Release */ = {
			isa = XCBuildConfiguration;
			baseConfigurationReference = CA8E4ECA7ED26110A5309BBD /* Pods-FoodDeliveryTests.release.xcconfig */;
			buildSettings = {
				ALWAYS_EMBED_SWIFT_STANDARD_LIBRARIES = YES;
				BUNDLE_LOADER = "$(TEST_HOST)";
				CODE_SIGN_STYLE = Automatic;
				CURRENT_PROJECT_VERSION = 1;
				DEVELOPMENT_TEAM = 86CWQQPNC4;
				GENERATE_INFOPLIST_FILE = YES;
				IPHONEOS_DEPLOYMENT_TARGET = 15.2;
				MARKETING_VERSION = 1.0;
				PRODUCT_BUNDLE_IDENTIFIER = com.ziesdev.FoodDeliveryTests;
				PRODUCT_NAME = "$(TARGET_NAME)";
				SWIFT_EMIT_LOC_STRINGS = NO;
				SWIFT_VERSION = 5.0;
				TARGETED_DEVICE_FAMILY = "1,2";
				TEST_HOST = "$(BUILT_PRODUCTS_DIR)/FoodDelivery.app/FoodDelivery";
			};
			name = Release;
		};
		01EE9B90295C708C0040D4F8 /* Debug */ = {
			isa = XCBuildConfiguration;
			baseConfigurationReference = 1270252FFD405A7514EDEADB /* Pods-FoodDelivery-FoodDeliveryUITests.debug.xcconfig */;
			buildSettings = {
				ALWAYS_EMBED_SWIFT_STANDARD_LIBRARIES = YES;
				CODE_SIGN_STYLE = Automatic;
				CURRENT_PROJECT_VERSION = 1;
				DEVELOPMENT_TEAM = 86CWQQPNC4;
				GENERATE_INFOPLIST_FILE = YES;
				MARKETING_VERSION = 1.0;
				PRODUCT_BUNDLE_IDENTIFIER = com.ziesdev.FoodDeliveryUITests;
				PRODUCT_NAME = "$(TARGET_NAME)";
				SWIFT_EMIT_LOC_STRINGS = NO;
				SWIFT_VERSION = 5.0;
				TARGETED_DEVICE_FAMILY = "1,2";
				TEST_TARGET_NAME = FoodDelivery;
			};
			name = Debug;
		};
		01EE9B91295C708C0040D4F8 /* Release */ = {
			isa = XCBuildConfiguration;
			baseConfigurationReference = E56E854C1A819DDBC3733E15 /* Pods-FoodDelivery-FoodDeliveryUITests.release.xcconfig */;
			buildSettings = {
				ALWAYS_EMBED_SWIFT_STANDARD_LIBRARIES = YES;
				CODE_SIGN_STYLE = Automatic;
				CURRENT_PROJECT_VERSION = 1;
				DEVELOPMENT_TEAM = 86CWQQPNC4;
				GENERATE_INFOPLIST_FILE = YES;
				MARKETING_VERSION = 1.0;
				PRODUCT_BUNDLE_IDENTIFIER = com.ziesdev.FoodDeliveryUITests;
				PRODUCT_NAME = "$(TARGET_NAME)";
				SWIFT_EMIT_LOC_STRINGS = NO;
				SWIFT_VERSION = 5.0;
				TARGETED_DEVICE_FAMILY = "1,2";
				TEST_TARGET_NAME = FoodDelivery;
			};
			name = Release;
		};
/* End XCBuildConfiguration section */

/* Begin XCConfigurationList section */
		01EE9B5A295C70880040D4F8 /* Build configuration list for PBXProject "FoodDelivery" */ = {
			isa = XCConfigurationList;
			buildConfigurations = (
				01EE9B87295C708C0040D4F8 /* Debug */,
				01EE9B88295C708C0040D4F8 /* Release */,
			);
			defaultConfigurationIsVisible = 0;
			defaultConfigurationName = Release;
		};
		01EE9B89295C708C0040D4F8 /* Build configuration list for PBXNativeTarget "FoodDelivery" */ = {
			isa = XCConfigurationList;
			buildConfigurations = (
				01EE9B8A295C708C0040D4F8 /* Debug */,
				01EE9B8B295C708C0040D4F8 /* Release */,
			);
			defaultConfigurationIsVisible = 0;
			defaultConfigurationName = Release;
		};
		01EE9B8C295C708C0040D4F8 /* Build configuration list for PBXNativeTarget "FoodDeliveryTests" */ = {
			isa = XCConfigurationList;
			buildConfigurations = (
				01EE9B8D295C708C0040D4F8 /* Debug */,
				01EE9B8E295C708C0040D4F8 /* Release */,
			);
			defaultConfigurationIsVisible = 0;
			defaultConfigurationName = Release;
		};
		01EE9B8F295C708C0040D4F8 /* Build configuration list for PBXNativeTarget "FoodDeliveryUITests" */ = {
			isa = XCConfigurationList;
			buildConfigurations = (
				01EE9B90295C708C0040D4F8 /* Debug */,
				01EE9B91295C708C0040D4F8 /* Release */,
			);
			defaultConfigurationIsVisible = 0;
			defaultConfigurationName = Release;
		};
/* End XCConfigurationList section */
	};
	rootObject = 01EE9B57295C70880040D4F8 /* Project object */;
}
